<?xml version="1.0"?>
<Project ToolsVersion="4.0" xmlns="http://schemas.microsoft.com/developer/msbuild/2003">
	<ItemGroup>
		<ClCompile Include="src\ofApp.cpp">
			<Filter>src</Filter>
		</ClCompile>
		<ClCompile Include="src\main.cpp">
			<Filter>src</Filter>
		</ClCompile>
		<ClCompile Include="src\Game\Context.cpp">
			<Filter>src\Game</Filter>
		</ClCompile>
		<ClCompile Include="src\Game\GameObject.cpp">
			<Filter>src\Game</Filter>
		</ClCompile>
		<ClCompile Include="src\Game\GameObjects\Collectable.cpp">
			<Filter>src\Game\GameObjects</Filter>
		</ClCompile>
		<ClCompile Include="src\Game\GameObjects\Collectables\Beacon.cpp">
			<Filter>src\Game\GameObjects\Collectables</Filter>
		</ClCompile>
		<ClCompile Include="src\Game\GameObjects\Collectables\PowerUp.cpp">
			<Filter>src\Game\GameObjects\Collectables</Filter>
		</ClCompile>
		<ClCompile Include="src\Game\GameObjects\Enemies\Asteroid.cpp">
			<Filter>src\Game\GameObjects\Enemies</Filter>
		</ClCompile>
		<ClCompile Include="src\Game\GameObjects\Enemies\Robot.cpp">
			<Filter>src\Game\GameObjects\Enemies</Filter>
		</ClCompile>
		<ClCompile Include="src\Game\GameObjects\Enemy.cpp">
			<Filter>src\Game\GameObjects</Filter>
		</ClCompile>
		<ClCompile Include="src\Game\GameObjects\Player.cpp">
			<Filter>src\Game\GameObjects</Filter>
		</ClCompile>
		<ClCompile Include="src\Game\Hud.cpp">
			<Filter>src\Game</Filter>
		</ClCompile>
		<ClCompile Include="src\Game\MyCustomCamera.cpp">
			<Filter>src\Game</Filter>
		</ClCompile>
	</ItemGroup>
	<ItemGroup>
		<Filter Include="src">
			<UniqueIdentifier>{d8376475-7454-4a24-b08a-aac121d3ad6f}</UniqueIdentifier>
		</Filter>
		<Filter Include="src\Game">
			<UniqueIdentifier>{C93BB105--5C5-3-4F-46-9-09D-C886D9BB5D58}</UniqueIdentifier>
		</Filter>
		<Filter Include="src\Game\GameObjects">
			<UniqueIdentifier>{55173DEF--322-C-40-33-8-D78-88D72CF1B5CC}</UniqueIdentifier>
		</Filter>
		<Filter Include="src\Game\GameObjects\Collectables">
			<UniqueIdentifier>{4261BA8F--B64-E-4C-41-9-4C0-407398838123}</UniqueIdentifier>
		</Filter>
		<Filter Include="src\Game\GameObjects\Enemies">
			<UniqueIdentifier>{0E2002E8--4D2-4-41-0C-8-465-FF99A4682376}</UniqueIdentifier>
		</Filter>
	</ItemGroup>
	<ItemGroup>
		<ClInclude Include="src\ofApp.h">
			<Filter>src</Filter>
		</ClInclude>
		<ClInclude Include="src\Game\Context.h">
			<Filter>src\Game</Filter>
		</ClInclude>
		<ClInclude Include="src\Game\GameObject.h">
			<Filter>src\Game</Filter>
		</ClInclude>
		<ClInclude Include="src\Game\GameObjects\Collectable.h">
			<Filter>src\Game\GameObjects</Filter>
		</ClInclude>
		<ClInclude Include="src\Game\GameObjects\Collectables\Beacon.h">
			<Filter>src\Game\GameObjects\Collectables</Filter>
		</ClInclude>
		<ClInclude Include="src\Game\GameObjects\Collectables\PowerUp.h">
			<Filter>src\Game\GameObjects\Collectables</Filter>
		</ClInclude>
		<ClInclude Include="src\Game\GameObjects\Enemies\Asteroid.h">
			<Filter>src\Game\GameObjects\Enemies</Filter>
		</ClInclude>
		<ClInclude Include="src\Game\GameObjects\Enemies\Robot.h">
			<Filter>src\Game\GameObjects\Enemies</Filter>
		</ClInclude>
		<ClInclude Include="src\Game\GameObjects\Enemy.h">
			<Filter>src\Game\GameObjects</Filter>
		</ClInclude>
		<ClInclude Include="src\Game\GameObjects\Player.h">
			<Filter>src\Game\GameObjects</Filter>
		</ClInclude>
		<ClInclude Include="src\Game\Hud.h">
			<Filter>src\Game</Filter>
		</ClInclude>
		<ClInclude Include="src\Game\MyCustomCamera.h">
			<Filter>src\Game</Filter>
		</ClInclude>
	</ItemGroup>
	<ItemGroup>
		<ResourceCompile Include="icon.rc" />
	</ItemGroup>
</Project>
