<?xml version="1.0"?>
<Project ToolsVersion="4.0" xmlns="http://schemas.microsoft.com/developer/msbuild/2003">
	<ItemGroup>
		<ClCompile Include="src\ofApp.cpp">
			<Filter>src</Filter>
		</ClCompile>
		<ClCompile Include="src\main.cpp">
			<Filter>src</Filter>
		</ClCompile>
		<ClCompile Include="src\Game\Context.cpp">
			<Filter>src\Game</Filter>
		</ClCompile>
		<ClCompile Include="src\Game\GameObject.cpp">
			<Filter>src\Game</Filter>
		</ClCompile>
		<ClCompile Include="src\Game\GameObjects\Collectable.cpp">
			<Filter>src\Game\GameObjects</Filter>
		</ClCompile>
		<ClCompile Include="src\Game\GameObjects\Collectables\Beacon.cpp">
			<Filter>src\Game\GameObjects\Collectables</Filter>
		</ClCompile>
		<ClCompile Include="src\Game\GameObjects\Collectables\PowerUp.cpp">
			<Filter>src\Game\GameObjects\Collectables</Filter>
		</ClCompile>
		<ClCompile Include="src\Game\GameObjects\Enemies\Asteroid.cpp">
			<Filter>src\Game\GameObjects\Enemies</Filter>
		</ClCompile>
		<ClCompile Include="src\Game\GameObjects\Enemies\Robot.cpp">
			<Filter>src\Game\GameObjects\Enemies</Filter>
		</ClCompile>
		<ClCompile Include="src\Game\GameObjects\Enemy.cpp">
			<Filter>src\Game\GameObjects</Filter>
		</ClCompile>
		<ClCompile Include="src\Game\GameObjects\Player.cpp">
			<Filter>src\Game\GameObjects</Filter>
		</ClCompile>
		<ClCompile Include="src\Game\Hud.cpp">
			<Filter>src\Game</Filter>
		</ClCompile>
		<ClCompile Include="src\Game\MyCustomCamera.cpp">
			<Filter>src\Game</Filter>
		</ClCompile>
	</ItemGroup>
	<ItemGroup>
		<Filter Include="src">
			<UniqueIdentifier>{d8376475-7454-4a24-b08a-aac121d3ad6f}</UniqueIdentifier>
		</Filter>
		<Filter Include="src\Game">
			<UniqueIdentifier>{5BE50F40--A16-E-48-7A-A-A36-8A27F48B7239}</UniqueIdentifier>
		</Filter>
		<Filter Include="src\Game\GameObjects">
			<UniqueIdentifier>{3559FB23--9ED-3-46-11-8-3E7-3DB0E73CF220}</UniqueIdentifier>
		</Filter>
		<Filter Include="src\Game\GameObjects\Collectables">
			<UniqueIdentifier>{8F280650--20B-B-4F-79-A-56B-E320A69CD527}</UniqueIdentifier>
		</Filter>
		<Filter Include="src\Game\GameObjects\Enemies">
			<UniqueIdentifier>{6F561A29--B9E-D-4C-F8-9-914-E2CB8609B719}</UniqueIdentifier>
		</Filter>
	</ItemGroup>
	<ItemGroup>
		<ClInclude Include="src\ofApp.h">
			<Filter>src</Filter>
		</ClInclude>
		<ClInclude Include="src\Game\Context.h">
			<Filter>src\Game</Filter>
		</ClInclude>
		<ClInclude Include="src\Game\GameObject.h">
			<Filter>src\Game</Filter>
		</ClInclude>
		<ClInclude Include="src\Game\GameObjects\Collectable.h">
			<Filter>src\Game\GameObjects</Filter>
		</ClInclude>
		<ClInclude Include="src\Game\GameObjects\Collectables\Beacon.h">
			<Filter>src\Game\GameObjects\Collectables</Filter>
		</ClInclude>
		<ClInclude Include="src\Game\GameObjects\Collectables\PowerUp.h">
			<Filter>src\Game\GameObjects\Collectables</Filter>
		</ClInclude>
		<ClInclude Include="src\Game\GameObjects\Enemies\Asteroid.h">
			<Filter>src\Game\GameObjects\Enemies</Filter>
		</ClInclude>
		<ClInclude Include="src\Game\GameObjects\Enemies\Robot.h">
			<Filter>src\Game\GameObjects\Enemies</Filter>
		</ClInclude>
		<ClInclude Include="src\Game\GameObjects\Enemy.h">
			<Filter>src\Game\GameObjects</Filter>
		</ClInclude>
		<ClInclude Include="src\Game\GameObjects\Player.h">
			<Filter>src\Game\GameObjects</Filter>
		</ClInclude>
		<ClInclude Include="src\Game\Hud.h">
			<Filter>src\Game</Filter>
		</ClInclude>
		<ClInclude Include="src\Game\MyCustomCamera.h">
			<Filter>src\Game</Filter>
		</ClInclude>
	</ItemGroup>
	<ItemGroup>
		<ResourceCompile Include="icon.rc" />
	</ItemGroup>
</Project>
